
Microsoft Visual Studio Solution File, Format Version 12.00
# Visual Studio 15
VisualStudioVersion = 15.0.27703.2042
MinimumVisualStudioVersion = 10.0.40219.1
Project("{FAE04EC0-301F-11D3-BF4B-00C04F79EFBC}") = "ClientForm", "ClientForm\ClientForm.csproj", "{BEFD210D-B705-479E-8D81-702C661D3627}"
EndProject
Global
	GlobalSection(SolutionConfigurationPlatforms) = preSolution
		Debug|Any CPU = Debug|Any CPU
		Release|Any CPU = Release|Any CPU
	EndGlobalSection
	GlobalSection(ProjectConfigurationPlatforms) = postSolution
		{BEFD210D-B705-479E-8D81-702C661D3627}.Debug|Any CPU.ActiveCfg = Debug|Any CPU
		{BEFD210D-B705-479E-8D81-702C661D3627}.Debug|Any CPU.Build.0 = Debug|Any CPU
		{BEFD210D-B705-479E-8D81-702C661D3627}.Release|Any CPU.ActiveCfg = Release|Any CPU
		{BEFD210D-B705-479E-8D81-702C661D3627}.Release|Any CPU.Build.0 = Release|Any CPU
	EndGlobalSection
	GlobalSection(SolutionProperties) = preSolution
		HideSolutionNode = FALSE
	EndGlobalSection
	GlobalSection(ExtensibilityGlobals) = postSolution
		SolutionGuid = {CB1F2DC6-BD2D-4556-80F6-E704762B3965}
	EndGlobalSection
EndGlobal
